// !$*UTF8*$!
{
	archiveVersion = 1;
	classes = {
	};
	objectVersion = 77;
	objects = {

/* Begin PBXBuildFile section */
		5C1908082D7C2DE2002A1CAF /* SDWebImageSwiftUI in Frameworks */ = {isa = PBXBuildFile; productRef = 5C1908072D7C2DE2002A1CAF /* SDWebImageSwiftUI */; };
		5C7F19AA2D7D288700E05BA7 /* OpenAI in Frameworks */ = {isa = PBXBuildFile; productRef = 5C7F19A92D7D288700E05BA7 /* OpenAI */; };
		5CB5EACB2D812B6E00EAB61C /* Config.xcconfig in Resources */ = {isa = PBXBuildFile; fileRef = 5CB5EACA2D812B6E00EAB61C /* Config.xcconfig */; };
		5CFC85EF2D76FA810061D547 /* FirebaseAnalytics in Frameworks */ = {isa = PBXBuildFile; productRef = 5CFC85EE2D76FA810061D547 /* FirebaseAnalytics */; };
		5CFC85F12D76FA810061D547 /* FirebaseAuth in Frameworks */ = {isa = PBXBuildFile; productRef = 5CFC85F02D76FA810061D547 /* FirebaseAuth */; };
		5CFC85F32D76FA810061D547 /* FirebaseCore in Frameworks */ = {isa = PBXBuildFile; productRef = 5CFC85F22D76FA810061D547 /* FirebaseCore */; };
		5CFC85F52D76FA810061D547 /* FirebaseCrashlytics in Frameworks */ = {isa = PBXBuildFile; productRef = 5CFC85F42D76FA810061D547 /* FirebaseCrashlytics */; };
		5CFC85F72D76FA810061D547 /* FirebaseDatabase in Frameworks */ = {isa = PBXBuildFile; productRef = 5CFC85F62D76FA810061D547 /* FirebaseDatabase */; };
		5CFC85F92D76FA810061D547 /* FirebaseFirestore in Frameworks */ = {isa = PBXBuildFile; productRef = 5CFC85F82D76FA810061D547 /* FirebaseFirestore */; };
		5CFC85FB2D76FA810061D547 /* FirebaseFunctions in Frameworks */ = {isa = PBXBuildFile; productRef = 5CFC85FA2D76FA810061D547 /* FirebaseFunctions */; };
		5CFC85FD2D76FA810061D547 /* FirebaseStorage in Frameworks */ = {isa = PBXBuildFile; productRef = 5CFC85FC2D76FA810061D547 /* FirebaseStorage */; };
		5CFC86002D76FC0E0061D547 /* GoogleSignIn in Frameworks */ = {isa = PBXBuildFile; productRef = 5CFC85FF2D76FC0E0061D547 /* GoogleSignIn */; };
		5CFC86022D76FC0E0061D547 /* GoogleSignInSwift in Frameworks */ = {isa = PBXBuildFile; productRef = 5CFC86012D76FC0E0061D547 /* GoogleSignInSwift */; };
/* End PBXBuildFile section */

/* Begin PBXContainerItemProxy section */
		5CFC85BF2D76EC380061D547 /* PBXContainerItemProxy */ = {
			isa = PBXContainerItemProxy;
			containerPortal = 5CFC85A52D76EC370061D547 /* Project object */;
			proxyType = 1;
			remoteGlobalIDString = 5CFC85AC2D76EC370061D547;
			remoteInfo = MinorvaMVP;
		};
		5CFC85C92D76EC380061D547 /* PBXContainerItemProxy */ = {
			isa = PBXContainerItemProxy;
			containerPortal = 5CFC85A52D76EC370061D547 /* Project object */;
			proxyType = 1;
			remoteGlobalIDString = 5CFC85AC2D76EC370061D547;
			remoteInfo = MinorvaMVP;
		};
/* End PBXContainerItemProxy section */

/* Begin PBXFileReference section */
		5CB5EACA2D812B6E00EAB61C /* Config.xcconfig */ = {isa = PBXFileReference; lastKnownFileType = text.xcconfig; path = Config.xcconfig; sourceTree = "<group>"; };
		5CFC85AD2D76EC370061D547 /* MinorvaMVP.app */ = {isa = PBXFileReference; explicitFileType = wrapper.application; includeInIndex = 0; path = MinorvaMVP.app; sourceTree = BUILT_PRODUCTS_DIR; };
		5CFC85BE2D76EC380061D547 /* MinorvaMVPTests.xctest */ = {isa = PBXFileReference; explicitFileType = wrapper.cfbundle; includeInIndex = 0; path = MinorvaMVPTests.xctest; sourceTree = BUILT_PRODUCTS_DIR; };
		5CFC85C82D76EC380061D547 /* MinorvaMVPUITests.xctest */ = {isa = PBXFileReference; explicitFileType = wrapper.cfbundle; includeInIndex = 0; path = MinorvaMVPUITests.xctest; sourceTree = BUILT_PRODUCTS_DIR; };
/* End PBXFileReference section */

/* Begin PBXFileSystemSynchronizedBuildFileExceptionSet section */
		5CFC86422D7704B00061D547 /* Exceptions for "MinorvaMVP" folder in "MinorvaMVP" target */ = {
			isa = PBXFileSystemSynchronizedBuildFileExceptionSet;
			membershipExceptions = (
				Info.plist,
			);
			target = 5CFC85AC2D76EC370061D547 /* MinorvaMVP */;
		};
/* End PBXFileSystemSynchronizedBuildFileExceptionSet section */

/* Begin PBXFileSystemSynchronizedRootGroup section */
		5CFC85AF2D76EC370061D547 /* MinorvaMVP */ = {
			isa = PBXFileSystemSynchronizedRootGroup;
			exceptions = (
				5CFC86422D7704B00061D547 /* Exceptions for "MinorvaMVP" folder in "MinorvaMVP" target */,
			);
			path = MinorvaMVP;
			sourceTree = "<group>";
		};
		5CFC85C12D76EC380061D547 /* MinorvaMVPTests */ = {
			isa = PBXFileSystemSynchronizedRootGroup;
			path = MinorvaMVPTests;
			sourceTree = "<group>";
		};
		5CFC85CB2D76EC380061D547 /* MinorvaMVPUITests */ = {
			isa = PBXFileSystemSynchronizedRootGroup;
			path = MinorvaMVPUITests;
			sourceTree = "<group>";
		};
/* End PBXFileSystemSynchronizedRootGroup section */

/* Begin PBXFrameworksBuildPhase section */
		5CFC85AA2D76EC370061D547 /* Frameworks */ = {
			isa = PBXFrameworksBuildPhase;
			buildActionMask = 2147483647;
			files = (
				5CFC85F72D76FA810061D547 /* FirebaseDatabase in Frameworks */,
				5CFC85FB2D76FA810061D547 /* FirebaseFunctions in Frameworks */,
				5CFC85EF2D76FA810061D547 /* FirebaseAnalytics in Frameworks */,
				5CFC85F52D76FA810061D547 /* FirebaseCrashlytics in Frameworks */,
				5CFC85F32D76FA810061D547 /* FirebaseCore in Frameworks */,
				5CFC86022D76FC0E0061D547 /* GoogleSignInSwift in Frameworks */,
				5CFC85FD2D76FA810061D547 /* FirebaseStorage in Frameworks */,
				5CFC85F12D76FA810061D547 /* FirebaseAuth in Frameworks */,
				5C1908082D7C2DE2002A1CAF /* SDWebImageSwiftUI in Frameworks */,
				5CFC85F92D76FA810061D547 /* FirebaseFirestore in Frameworks */,
				5C7F19AA2D7D288700E05BA7 /* OpenAI in Frameworks */,
				5CFC86002D76FC0E0061D547 /* GoogleSignIn in Frameworks */,
			);
			runOnlyForDeploymentPostprocessing = 0;
		};
		5CFC85BB2D76EC380061D547 /* Frameworks */ = {
			isa = PBXFrameworksBuildPhase;
			buildActionMask = 2147483647;
			files = (
			);
			runOnlyForDeploymentPostprocessing = 0;
		};
		5CFC85C52D76EC380061D547 /* Frameworks */ = {
			isa = PBXFrameworksBuildPhase;
			buildActionMask = 2147483647;
			files = (
			);
			runOnlyForDeploymentPostprocessing = 0;
		};
/* End PBXFrameworksBuildPhase section */

/* Begin PBXGroup section */
		5CFC85A42D76EC370061D547 = {
			isa = PBXGroup;
			children = (
				5CB5EACA2D812B6E00EAB61C /* Config.xcconfig */,
				5CFC85AF2D76EC370061D547 /* MinorvaMVP */,
				5CFC85C12D76EC380061D547 /* MinorvaMVPTests */,
				5CFC85CB2D76EC380061D547 /* MinorvaMVPUITests */,
				5CFC85AE2D76EC370061D547 /* Products */,
			);
			sourceTree = "<group>";
		};
		5CFC85AE2D76EC370061D547 /* Products */ = {
			isa = PBXGroup;
			children = (
				5CFC85AD2D76EC370061D547 /* MinorvaMVP.app */,
				5CFC85BE2D76EC380061D547 /* MinorvaMVPTests.xctest */,
				5CFC85C82D76EC380061D547 /* MinorvaMVPUITests.xctest */,
			);
			name = Products;
			sourceTree = "<group>";
		};
/* End PBXGroup section */

/* Begin PBXNativeTarget section */
		5CFC85AC2D76EC370061D547 /* MinorvaMVP */ = {
			isa = PBXNativeTarget;
			buildConfigurationList = 5CFC85D22D76EC380061D547 /* Build configuration list for PBXNativeTarget "MinorvaMVP" */;
			buildPhases = (
				5CFC85A92D76EC370061D547 /* Sources */,
				5CFC85AA2D76EC370061D547 /* Frameworks */,
				5CFC85AB2D76EC370061D547 /* Resources */,
			);
			buildRules = (
			);
			dependencies = (
			);
			fileSystemSynchronizedGroups = (
				5CFC85AF2D76EC370061D547 /* MinorvaMVP */,
			);
			name = MinorvaMVP;
			packageProductDependencies = (
				5CFC85EE2D76FA810061D547 /* FirebaseAnalytics */,
				5CFC85F02D76FA810061D547 /* FirebaseAuth */,
				5CFC85F22D76FA810061D547 /* FirebaseCore */,
				5CFC85F42D76FA810061D547 /* FirebaseCrashlytics */,
				5CFC85F62D76FA810061D547 /* FirebaseDatabase */,
				5CFC85F82D76FA810061D547 /* FirebaseFirestore */,
				5CFC85FA2D76FA810061D547 /* FirebaseFunctions */,
				5CFC85FC2D76FA810061D547 /* FirebaseStorage */,
				5CFC85FF2D76FC0E0061D547 /* GoogleSignIn */,
				5CFC86012D76FC0E0061D547 /* GoogleSignInSwift */,
				5C1908072D7C2DE2002A1CAF /* SDWebImageSwiftUI */,
				5C7F19A92D7D288700E05BA7 /* OpenAI */,
			);
			productName = MinorvaMVP;
			productReference = 5CFC85AD2D76EC370061D547 /* MinorvaMVP.app */;
			productType = "com.apple.product-type.application";
		};
		5CFC85BD2D76EC380061D547 /* MinorvaMVPTests */ = {
			isa = PBXNativeTarget;
			buildConfigurationList = 5CFC85D52D76EC380061D547 /* Build configuration list for PBXNativeTarget "MinorvaMVPTests" */;
			buildPhases = (
				5CFC85BA2D76EC380061D547 /* Sources */,
				5CFC85BB2D76EC380061D547 /* Frameworks */,
				5CFC85BC2D76EC380061D547 /* Resources */,
			);
			buildRules = (
			);
			dependencies = (
				5CFC85C02D76EC380061D547 /* PBXTargetDependency */,
			);
			fileSystemSynchronizedGroups = (
				5CFC85C12D76EC380061D547 /* MinorvaMVPTests */,
			);
			name = MinorvaMVPTests;
			packageProductDependencies = (
			);
			productName = MinorvaMVPTests;
			productReference = 5CFC85BE2D76EC380061D547 /* MinorvaMVPTests.xctest */;
			productType = "com.apple.product-type.bundle.unit-test";
		};
		5CFC85C72D76EC380061D547 /* MinorvaMVPUITests */ = {
			isa = PBXNativeTarget;
			buildConfigurationList = 5CFC85D82D76EC380061D547 /* Build configuration list for PBXNativeTarget "MinorvaMVPUITests" */;
			buildPhases = (
				5CFC85C42D76EC380061D547 /* Sources */,
				5CFC85C52D76EC380061D547 /* Frameworks */,
				5CFC85C62D76EC380061D547 /* Resources */,
			);
			buildRules = (
			);
			dependencies = (
				5CFC85CA2D76EC380061D547 /* PBXTargetDependency */,
			);
			fileSystemSynchronizedGroups = (
				5CFC85CB2D76EC380061D547 /* MinorvaMVPUITests */,
			);
			name = MinorvaMVPUITests;
			packageProductDependencies = (
			);
			productName = MinorvaMVPUITests;
			productReference = 5CFC85C82D76EC380061D547 /* MinorvaMVPUITests.xctest */;
			productType = "com.apple.product-type.bundle.ui-testing";
		};
/* End PBXNativeTarget section */

/* Begin PBXProject section */
		5CFC85A52D76EC370061D547 /* Project object */ = {
			isa = PBXProject;
			attributes = {
				BuildIndependentTargetsInParallel = 1;
				LastSwiftUpdateCheck = 1610;
				LastUpgradeCheck = 1610;
				TargetAttributes = {
					5CFC85AC2D76EC370061D547 = {
						CreatedOnToolsVersion = 16.1;
					};
					5CFC85BD2D76EC380061D547 = {
						CreatedOnToolsVersion = 16.1;
						TestTargetID = 5CFC85AC2D76EC370061D547;
					};
					5CFC85C72D76EC380061D547 = {
						CreatedOnToolsVersion = 16.1;
						TestTargetID = 5CFC85AC2D76EC370061D547;
					};
				};
			};
			buildConfigurationList = 5CFC85A82D76EC370061D547 /* Build configuration list for PBXProject "MinorvaMVP" */;
			developmentRegion = en;
			hasScannedForEncodings = 0;
			knownRegions = (
				en,
				Base,
			);
			mainGroup = 5CFC85A42D76EC370061D547;
			minimizedProjectReferenceProxies = 1;
			packageReferences = (
				5CFC85ED2D76FA810061D547 /* XCRemoteSwiftPackageReference "firebase-ios-sdk" */,
				5CFC85FE2D76FC0E0061D547 /* XCRemoteSwiftPackageReference "GoogleSignIn-iOS" */,
				5C1908062D7C2DE2002A1CAF /* XCRemoteSwiftPackageReference "SDWebImageSwiftUI" */,
				5C7F19A82D7D288700E05BA7 /* XCRemoteSwiftPackageReference "OpenAI" */,
			);
			preferredProjectObjectVersion = 77;
			productRefGroup = 5CFC85AE2D76EC370061D547 /* Products */;
			projectDirPath = "";
			projectRoot = "";
			targets = (
				5CFC85AC2D76EC370061D547 /* MinorvaMVP */,
				5CFC85BD2D76EC380061D547 /* MinorvaMVPTests */,
				5CFC85C72D76EC380061D547 /* MinorvaMVPUITests */,
			);
		};
/* End PBXProject section */

/* Begin PBXResourcesBuildPhase section */
		5CFC85AB2D76EC370061D547 /* Resources */ = {
			isa = PBXResourcesBuildPhase;
			buildActionMask = 2147483647;
			files = (
				5CB5EACB2D812B6E00EAB61C /* Config.xcconfig in Resources */,
			);
			runOnlyForDeploymentPostprocessing = 0;
		};
		5CFC85BC2D76EC380061D547 /* Resources */ = {
			isa = PBXResourcesBuildPhase;
			buildActionMask = 2147483647;
			files = (
			);
			runOnlyForDeploymentPostprocessing = 0;
		};
		5CFC85C62D76EC380061D547 /* Resources */ = {
			isa = PBXResourcesBuildPhase;
			buildActionMask = 2147483647;
			files = (
			);
			runOnlyForDeploymentPostprocessing = 0;
		};
/* End PBXResourcesBuildPhase section */

/* Begin PBXSourcesBuildPhase section */
		5CFC85A92D76EC370061D547 /* Sources */ = {
			isa = PBXSourcesBuildPhase;
			buildActionMask = 2147483647;
			files = (
			);
			runOnlyForDeploymentPostprocessing = 0;
		};
		5CFC85BA2D76EC380061D547 /* Sources */ = {
			isa = PBXSourcesBuildPhase;
			buildActionMask = 2147483647;
			files = (
			);
			runOnlyForDeploymentPostprocessing = 0;
		};
		5CFC85C42D76EC380061D547 /* Sources */ = {
			isa = PBXSourcesBuildPhase;
			buildActionMask = 2147483647;
			files = (
			);
			runOnlyForDeploymentPostprocessing = 0;
		};
/* End PBXSourcesBuildPhase section */

/* Begin PBXTargetDependency section */
		5CFC85C02D76EC380061D547 /* PBXTargetDependency */ = {
			isa = PBXTargetDependency;
			target = 5CFC85AC2D76EC370061D547 /* MinorvaMVP */;
			targetProxy = 5CFC85BF2D76EC380061D547 /* PBXContainerItemProxy */;
		};
		5CFC85CA2D76EC380061D547 /* PBXTargetDependency */ = {
			isa = PBXTargetDependency;
			target = 5CFC85AC2D76EC370061D547 /* MinorvaMVP */;
			targetProxy = 5CFC85C92D76EC380061D547 /* PBXContainerItemProxy */;
		};
/* End PBXTargetDependency section */

/* Begin XCBuildConfiguration section */
		5CFC85D02D76EC380061D547 /* Debug */ = {
			isa = XCBuildConfiguration;
			baseConfigurationReference = 5CB5EACA2D812B6E00EAB61C /* Config.xcconfig */;
			buildSettings = {
				ALWAYS_SEARCH_USER_PATHS = NO;
				ASSETCATALOG_COMPILER_GENERATE_SWIFT_ASSET_SYMBOL_EXTENSIONS = YES;
				CLANG_ANALYZER_NONNULL = YES;
				CLANG_ANALYZER_NUMBER_OBJECT_CONVERSION = YES_AGGRESSIVE;
				CLANG_CXX_LANGUAGE_STANDARD = "gnu++20";
				CLANG_ENABLE_MODULES = YES;
				CLANG_ENABLE_OBJC_ARC = YES;
				CLANG_ENABLE_OBJC_WEAK = YES;
				CLANG_WARN_BLOCK_CAPTURE_AUTORELEASING = YES;
				CLANG_WARN_BOOL_CONVERSION = YES;
				CLANG_WARN_COMMA = YES;
				CLANG_WARN_CONSTANT_CONVERSION = YES;
				CLANG_WARN_DEPRECATED_OBJC_IMPLEMENTATIONS = YES;
				CLANG_WARN_DIRECT_OBJC_ISA_USAGE = YES_ERROR;
				CLANG_WARN_DOCUMENTATION_COMMENTS = YES;
				CLANG_WARN_EMPTY_BODY = YES;
				CLANG_WARN_ENUM_CONVERSION = YES;
				CLANG_WARN_INFINITE_RECURSION = YES;
				CLANG_WARN_INT_CONVERSION = YES;
				CLANG_WARN_NON_LITERAL_NULL_CONVERSION = YES;
				CLANG_WARN_OBJC_IMPLICIT_RETAIN_SELF = YES;
				CLANG_WARN_OBJC_LITERAL_CONVERSION = YES;
				CLANG_WARN_OBJC_ROOT_CLASS = YES_ERROR;
				CLANG_WARN_QUOTED_INCLUDE_IN_FRAMEWORK_HEADER = YES;
				CLANG_WARN_RANGE_LOOP_ANALYSIS = YES;
				CLANG_WARN_STRICT_PROTOTYPES = YES;
				CLANG_WARN_SUSPICIOUS_MOVE = YES;
				CLANG_WARN_UNGUARDED_AVAILABILITY = YES_AGGRESSIVE;
				CLANG_WARN_UNREACHABLE_CODE = YES;
				CLANG_WARN__DUPLICATE_METHOD_MATCH = YES;
				COPY_PHASE_STRIP = NO;
				DEBUG_INFORMATION_FORMAT = dwarf;
				ENABLE_STRICT_OBJC_MSGSEND = YES;
				ENABLE_TESTABILITY = YES;
				ENABLE_USER_SCRIPT_SANDBOXING = YES;
				GCC_C_LANGUAGE_STANDARD = gnu17;
				GCC_DYNAMIC_NO_PIC = NO;
				GCC_NO_COMMON_BLOCKS = YES;
				GCC_OPTIMIZATION_LEVEL = 0;
				GCC_PREPROCESSOR_DEFINITIONS = (
					"DEBUG=1",
					"$(inherited)",
				);
				GCC_WARN_64_TO_32_BIT_CONVERSION = YES;
				GCC_WARN_ABOUT_RETURN_TYPE = YES_ERROR;
				GCC_WARN_UNDECLARED_SELECTOR = YES;
				GCC_WARN_UNINITIALIZED_AUTOS = YES_AGGRESSIVE;
				GCC_WARN_UNUSED_FUNCTION = YES;
				GCC_WARN_UNUSED_VARIABLE = YES;
				LOCALIZATION_PREFERS_STRING_CATALOGS = YES;
				MTL_ENABLE_DEBUG_INFO = INCLUDE_SOURCE;
				MTL_FAST_MATH = YES;
				ONLY_ACTIVE_ARCH = YES;
				SWIFT_ACTIVE_COMPILATION_CONDITIONS = "DEBUG $(inherited)";
				SWIFT_OPTIMIZATION_LEVEL = "-Onone";
			};
			name = Debug;
		};
		5CFC85D12D76EC380061D547 /* Release */ = {
			isa = XCBuildConfiguration;
			baseConfigurationReference = 5CB5EACA2D812B6E00EAB61C /* Config.xcconfig */;
			buildSettings = {
				ALWAYS_SEARCH_USER_PATHS = NO;
				ASSETCATALOG_COMPILER_GENERATE_SWIFT_ASSET_SYMBOL_EXTENSIONS = YES;
				CLANG_ANALYZER_NONNULL = YES;
				CLANG_ANALYZER_NUMBER_OBJECT_CONVERSION = YES_AGGRESSIVE;
				CLANG_CXX_LANGUAGE_STANDARD = "gnu++20";
				CLANG_ENABLE_MODULES = YES;
				CLANG_ENABLE_OBJC_ARC = YES;
				CLANG_ENABLE_OBJC_WEAK = YES;
				CLANG_WARN_BLOCK_CAPTURE_AUTORELEASING = YES;
				CLANG_WARN_BOOL_CONVERSION = YES;
				CLANG_WARN_COMMA = YES;
				CLANG_WARN_CONSTANT_CONVERSION = YES;
				CLANG_WARN_DEPRECATED_OBJC_IMPLEMENTATIONS = YES;
				CLANG_WARN_DIRECT_OBJC_ISA_USAGE = YES_ERROR;
				CLANG_WARN_DOCUMENTATION_COMMENTS = YES;
				CLANG_WARN_EMPTY_BODY = YES;
				CLANG_WARN_ENUM_CONVERSION = YES;
				CLANG_WARN_INFINITE_RECURSION = YES;
				CLANG_WARN_INT_CONVERSION = YES;
				CLANG_WARN_NON_LITERAL_NULL_CONVERSION = YES;
				CLANG_WARN_OBJC_IMPLICIT_RETAIN_SELF = YES;
				CLANG_WARN_OBJC_LITERAL_CONVERSION = YES;
				CLANG_WARN_OBJC_ROOT_CLASS = YES_ERROR;
				CLANG_WARN_QUOTED_INCLUDE_IN_FRAMEWORK_HEADER = YES;
				CLANG_WARN_RANGE_LOOP_ANALYSIS = YES;
				CLANG_WARN_STRICT_PROTOTYPES = YES;
				CLANG_WARN_SUSPICIOUS_MOVE = YES;
				CLANG_WARN_UNGUARDED_AVAILABILITY = YES_AGGRESSIVE;
				CLANG_WARN_UNREACHABLE_CODE = YES;
				CLANG_WARN__DUPLICATE_METHOD_MATCH = YES;
				COPY_PHASE_STRIP = NO;
				DEBUG_INFORMATION_FORMAT = "dwarf-with-dsym";
				ENABLE_NS_ASSERTIONS = NO;
				ENABLE_STRICT_OBJC_MSGSEND = YES;
				ENABLE_USER_SCRIPT_SANDBOXING = YES;
				GCC_C_LANGUAGE_STANDARD = gnu17;
				GCC_NO_COMMON_BLOCKS = YES;
				GCC_WARN_64_TO_32_BIT_CONVERSION = YES;
				GCC_WARN_ABOUT_RETURN_TYPE = YES_ERROR;
				GCC_WARN_UNDECLARED_SELECTOR = YES;
				GCC_WARN_UNINITIALIZED_AUTOS = YES_AGGRESSIVE;
				GCC_WARN_UNUSED_FUNCTION = YES;
				GCC_WARN_UNUSED_VARIABLE = YES;
				LOCALIZATION_PREFERS_STRING_CATALOGS = YES;
				MTL_ENABLE_DEBUG_INFO = NO;
				MTL_FAST_MATH = YES;
				SWIFT_COMPILATION_MODE = wholemodule;
			};
			name = Release;
		};
		5CFC85D32D76EC380061D547 /* Debug */ = {
			isa = XCBuildConfiguration;
			buildSettings = {
				ASSETCATALOG_COMPILER_APPICON_NAME = AppIcon;
				ASSETCATALOG_COMPILER_GLOBAL_ACCENT_COLOR_NAME = AccentColor;
				CODE_SIGN_ENTITLEMENTS = MinorvaMVP/MinorvaMVP.entitlements;
				CODE_SIGN_STYLE = Automatic;
				CURRENT_PROJECT_VERSION = 1;
				DEVELOPMENT_ASSET_PATHS = "\"MinorvaMVP/Preview Content\"";
				DEVELOPMENT_TEAM = 5XFK57T384;
				ENABLE_PREVIEWS = YES;
				GENERATE_INFOPLIST_FILE = YES;
				INFOPLIST_FILE = MinorvaMVP/Info.plist;
				INFOPLIST_KEY_LSApplicationCategoryType = "";
				"INFOPLIST_KEY_UIApplicationSceneManifest_Generation[sdk=iphoneos*]" = YES;
				"INFOPLIST_KEY_UIApplicationSceneManifest_Generation[sdk=iphonesimulator*]" = YES;
				"INFOPLIST_KEY_UIApplicationSupportsIndirectInputEvents[sdk=iphoneos*]" = YES;
				"INFOPLIST_KEY_UIApplicationSupportsIndirectInputEvents[sdk=iphonesimulator*]" = YES;
				"INFOPLIST_KEY_UILaunchScreen_Generation[sdk=iphoneos*]" = YES;
				"INFOPLIST_KEY_UILaunchScreen_Generation[sdk=iphonesimulator*]" = YES;
				"INFOPLIST_KEY_UIStatusBarStyle[sdk=iphoneos*]" = UIStatusBarStyleDefault;
				"INFOPLIST_KEY_UIStatusBarStyle[sdk=iphonesimulator*]" = UIStatusBarStyleDefault;
				INFOPLIST_KEY_UISupportedInterfaceOrientations_iPad = "UIInterfaceOrientationPortrait UIInterfaceOrientationPortraitUpsideDown UIInterfaceOrientationLandscapeLeft UIInterfaceOrientationLandscapeRight";
				INFOPLIST_KEY_UISupportedInterfaceOrientations_iPhone = "UIInterfaceOrientationPortrait UIInterfaceOrientationLandscapeLeft UIInterfaceOrientationLandscapeRight";
				IPHONEOS_DEPLOYMENT_TARGET = 18.1;
				LD_RUNPATH_SEARCH_PATHS = "@executable_path/Frameworks";
				"LD_RUNPATH_SEARCH_PATHS[sdk=macosx*]" = "@executable_path/../Frameworks";
				MACOSX_DEPLOYMENT_TARGET = 15.0;
				MARKETING_VERSION = 1.0;
				PRODUCT_BUNDLE_IDENTIFIER = com.SakaiRyoga.MinorvaMVP;
				PRODUCT_NAME = "$(TARGET_NAME)";
				SDKROOT = auto;
				SUPPORTED_PLATFORMS = "iphoneos iphonesimulator macosx xros xrsimulator";
				SWIFT_EMIT_LOC_STRINGS = YES;
				SWIFT_VERSION = 5.0;
				TARGETED_DEVICE_FAMILY = "1,2,7";
				XROS_DEPLOYMENT_TARGET = 2.1;
			};
			name = Debug;
		};
		5CFC85D42D76EC380061D547 /* Release */ = {
			isa = XCBuildConfiguration;
			buildSettings = {
				ASSETCATALOG_COMPILER_APPICON_NAME = AppIcon;
				ASSETCATALOG_COMPILER_GLOBAL_ACCENT_COLOR_NAME = AccentColor;
				CODE_SIGN_ENTITLEMENTS = MinorvaMVP/MinorvaMVP.entitlements;
				CODE_SIGN_STYLE = Automatic;
				CURRENT_PROJECT_VERSION = 1;
				DEVELOPMENT_ASSET_PATHS = "\"MinorvaMVP/Preview Content\"";
				DEVELOPMENT_TEAM = 5XFK57T384;
				ENABLE_PREVIEWS = YES;
				GENERATE_INFOPLIST_FILE = YES;
				INFOPLIST_FILE = MinorvaMVP/Info.plist;
				INFOPLIST_KEY_LSApplicationCategoryType = "";
				"INFOPLIST_KEY_UIApplicationSceneManifest_Generation[sdk=iphoneos*]" = YES;
				"INFOPLIST_KEY_UIApplicationSceneManifest_Generation[sdk=iphonesimulator*]" = YES;
				"INFOPLIST_KEY_UIApplicationSupportsIndirectInputEvents[sdk=iphoneos*]" = YES;
				"INFOPLIST_KEY_UIApplicationSupportsIndirectInputEvents[sdk=iphonesimulator*]" = YES;
				"INFOPLIST_KEY_UILaunchScreen_Generation[sdk=iphoneos*]" = YES;
				"INFOPLIST_KEY_UILaunchScreen_Generation[sdk=iphonesimulator*]" = YES;
				"INFOPLIST_KEY_UIStatusBarStyle[sdk=iphoneos*]" = UIStatusBarStyleDefault;
				"INFOPLIST_KEY_UIStatusBarStyle[sdk=iphonesimulator*]" = UIStatusBarStyleDefault;
				INFOPLIST_KEY_UISupportedInterfaceOrientations_iPad = "UIInterfaceOrientationPortrait UIInterfaceOrientationPortraitUpsideDown UIInterfaceOrientationLandscapeLeft UIInterfaceOrientationLandscapeRight";
				INFOPLIST_KEY_UISupportedInterfaceOrientations_iPhone = "UIInterfaceOrientationPortrait UIInterfaceOrientationLandscapeLeft UIInterfaceOrientationLandscapeRight";
				IPHONEOS_DEPLOYMENT_TARGET = 18.1;
				LD_RUNPATH_SEARCH_PATHS = "@executable_path/Frameworks";
				"LD_RUNPATH_SEARCH_PATHS[sdk=macosx*]" = "@executable_path/../Frameworks";
				MACOSX_DEPLOYMENT_TARGET = 15.0;
				MARKETING_VERSION = 1.0;
				PRODUCT_BUNDLE_IDENTIFIER = com.SakaiRyoga.MinorvaMVP;
				PRODUCT_NAME = "$(TARGET_NAME)";
				SDKROOT = auto;
				SUPPORTED_PLATFORMS = "iphoneos iphonesimulator macosx xros xrsimulator";
				SWIFT_EMIT_LOC_STRINGS = YES;
				SWIFT_VERSION = 5.0;
				TARGETED_DEVICE_FAMILY = "1,2,7";
				XROS_DEPLOYMENT_TARGET = 2.1;
			};
			name = Release;
		};
		5CFC85D62D76EC380061D547 /* Debug */ = {
			isa = XCBuildConfiguration;
			buildSettings = {
				BUNDLE_LOADER = "$(TEST_HOST)";
				CODE_SIGN_STYLE = Automatic;
				CURRENT_PROJECT_VERSION = 1;
				GENERATE_INFOPLIST_FILE = YES;
				IPHONEOS_DEPLOYMENT_TARGET = 18.1;
				MACOSX_DEPLOYMENT_TARGET = 15.0;
				MARKETING_VERSION = 1.0;
				PRODUCT_BUNDLE_IDENTIFIER = SakaiRyoga.MinorvaMVPTests;
				PRODUCT_NAME = "$(TARGET_NAME)";
				SDKROOT = auto;
				SUPPORTED_PLATFORMS = "iphoneos iphonesimulator macosx xros xrsimulator";
				SWIFT_EMIT_LOC_STRINGS = NO;
				SWIFT_VERSION = 5.0;
				TARGETED_DEVICE_FAMILY = "1,2,7";
				TEST_HOST = "$(BUILT_PRODUCTS_DIR)/MinorvaMVP.app/$(BUNDLE_EXECUTABLE_FOLDER_PATH)/MinorvaMVP";
				XROS_DEPLOYMENT_TARGET = 2.1;
			};
			name = Debug;
		};
		5CFC85D72D76EC380061D547 /* Release */ = {
			isa = XCBuildConfiguration;
			buildSettings = {
				BUNDLE_LOADER = "$(TEST_HOST)";
				CODE_SIGN_STYLE = Automatic;
				CURRENT_PROJECT_VERSION = 1;
				GENERATE_INFOPLIST_FILE = YES;
				IPHONEOS_DEPLOYMENT_TARGET = 18.1;
				MACOSX_DEPLOYMENT_TARGET = 15.0;
				MARKETING_VERSION = 1.0;
				PRODUCT_BUNDLE_IDENTIFIER = SakaiRyoga.MinorvaMVPTests;
				PRODUCT_NAME = "$(TARGET_NAME)";
				SDKROOT = auto;
				SUPPORTED_PLATFORMS = "iphoneos iphonesimulator macosx xros xrsimulator";
				SWIFT_EMIT_LOC_STRINGS = NO;
				SWIFT_VERSION = 5.0;
				TARGETED_DEVICE_FAMILY = "1,2,7";
				TEST_HOST = "$(BUILT_PRODUCTS_DIR)/MinorvaMVP.app/$(BUNDLE_EXECUTABLE_FOLDER_PATH)/MinorvaMVP";
				XROS_DEPLOYMENT_TARGET = 2.1;
			};
			name = Release;
		};
		5CFC85D92D76EC380061D547 /* Debug */ = {
			isa = XCBuildConfiguration;
			buildSettings = {
				CODE_SIGN_STYLE = Automatic;
				CURRENT_PROJECT_VERSION = 1;
				GENERATE_INFOPLIST_FILE = YES;
				IPHONEOS_DEPLOYMENT_TARGET = 18.1;
				MACOSX_DEPLOYMENT_TARGET = 15.0;
				MARKETING_VERSION = 1.0;
				PRODUCT_BUNDLE_IDENTIFIER = SakaiRyoga.MinorvaMVPUITests;
				PRODUCT_NAME = "$(TARGET_NAME)";
				SDKROOT = auto;
				SUPPORTED_PLATFORMS = "iphoneos iphonesimulator macosx xros xrsimulator";
				SWIFT_EMIT_LOC_STRINGS = NO;
				SWIFT_VERSION = 5.0;
				TARGETED_DEVICE_FAMILY = "1,2,7";
				TEST_TARGET_NAME = MinorvaMVP;
				XROS_DEPLOYMENT_TARGET = 2.1;
			};
			name = Debug;
		};
		5CFC85DA2D76EC380061D547 /* Release */ = {
			isa = XCBuildConfiguration;
			buildSettings = {
				CODE_SIGN_STYLE = Automatic;
				CURRENT_PROJECT_VERSION = 1;
				GENERATE_INFOPLIST_FILE = YES;
				IPHONEOS_DEPLOYMENT_TARGET = 18.1;
				MACOSX_DEPLOYMENT_TARGET = 15.0;
				MARKETING_VERSION = 1.0;
				PRODUCT_BUNDLE_IDENTIFIER = SakaiRyoga.MinorvaMVPUITests;
				PRODUCT_NAME = "$(TARGET_NAME)";
				SDKROOT = auto;
				SUPPORTED_PLATFORMS = "iphoneos iphonesimulator macosx xros xrsimulator";
				SWIFT_EMIT_LOC_STRINGS = NO;
				SWIFT_VERSION = 5.0;
				TARGETED_DEVICE_FAMILY = "1,2,7";
				TEST_TARGET_NAME = MinorvaMVP;
				XROS_DEPLOYMENT_TARGET = 2.1;
			};
			name = Release;
		};
/* End XCBuildConfiguration section */

/* Begin XCConfigurationList section */
		5CFC85A82D76EC370061D547 /* Build configuration list for PBXProject "MinorvaMVP" */ = {
			isa = XCConfigurationList;
			buildConfigurations = (
				5CFC85D02D76EC380061D547 /* Debug */,
				5CFC85D12D76EC380061D547 /* Release */,
			);
			defaultConfigurationIsVisible = 0;
			defaultConfigurationName = Release;
		};
		5CFC85D22D76EC380061D547 /* Build configuration list for PBXNativeTarget "MinorvaMVP" */ = {
			isa = XCConfigurationList;
			buildConfigurations = (
				5CFC85D32D76EC380061D547 /* Debug */,
				5CFC85D42D76EC380061D547 /* Release */,
			);
			defaultConfigurationIsVisible = 0;
			defaultConfigurationName = Release;
		};
		5CFC85D52D76EC380061D547 /* Build configuration list for PBXNativeTarget "MinorvaMVPTests" */ = {
			isa = XCConfigurationList;
			buildConfigurations = (
				5CFC85D62D76EC380061D547 /* Debug */,
				5CFC85D72D76EC380061D547 /* Release */,
			);
			defaultConfigurationIsVisible = 0;
			defaultConfigurationName = Release;
		};
		5CFC85D82D76EC380061D547 /* Build configuration list for PBXNativeTarget "MinorvaMVPUITests" */ = {
			isa = XCConfigurationList;
			buildConfigurations = (
				5CFC85D92D76EC380061D547 /* Debug */,
				5CFC85DA2D76EC380061D547 /* Release */,
			);
			defaultConfigurationIsVisible = 0;
			defaultConfigurationName = Release;
		};
/* End XCConfigurationList section */

/* Begin XCRemoteSwiftPackageReference section */
		5C1908062D7C2DE2002A1CAF /* XCRemoteSwiftPackageReference "SDWebImageSwiftUI" */ = {
			isa = XCRemoteSwiftPackageReference;
			repositoryURL = "https://github.com/SDWebImage/SDWebImageSwiftUI.git";
			requirement = {
				kind = upToNextMajorVersion;
				minimumVersion = 3.1.3;
			};
		};
		5C7F19A82D7D288700E05BA7 /* XCRemoteSwiftPackageReference "OpenAI" */ = {
			isa = XCRemoteSwiftPackageReference;
			repositoryURL = "https://github.com/MacPaw/OpenAI";
			requirement = {
				kind = upToNextMajorVersion;
				minimumVersion = 0.3.6;
			};
		};
		5CFC85ED2D76FA810061D547 /* XCRemoteSwiftPackageReference "firebase-ios-sdk" */ = {
			isa = XCRemoteSwiftPackageReference;
			repositoryURL = "https://github.com/firebase/firebase-ios-sdk";
			requirement = {
				kind = upToNextMajorVersion;
				minimumVersion = 11.9.0;
			};
		};
		5CFC85FE2D76FC0E0061D547 /* XCRemoteSwiftPackageReference "GoogleSignIn-iOS" */ = {
			isa = XCRemoteSwiftPackageReference;
			repositoryURL = "https://github.com/google/GoogleSignIn-iOS";
			requirement = {
				kind = upToNextMajorVersion;
				minimumVersion = 8.0.0;
			};
		};
/* End XCRemoteSwiftPackageReference section */

/* Begin XCSwiftPackageProductDependency section */
		5C1908072D7C2DE2002A1CAF /* SDWebImageSwiftUI */ = {
			isa = XCSwiftPackageProductDependency;
			package = 5C1908062D7C2DE2002A1CAF /* XCRemoteSwiftPackageReference "SDWebImageSwiftUI" */;
			productName = SDWebImageSwiftUI;
		};
		5C7F19A92D7D288700E05BA7 /* OpenAI */ = {
			isa = XCSwiftPackageProductDependency;
			package = 5C7F19A82D7D288700E05BA7 /* XCRemoteSwiftPackageReference "OpenAI" */;
			productName = OpenAI;
		};
		5CFC85EE2D76FA810061D547 /* FirebaseAnalytics */ = {
			isa = XCSwiftPackageProductDependency;
			package = 5CFC85ED2D76FA810061D547 /* XCRemoteSwiftPackageReference "firebase-ios-sdk" */;
			productName = FirebaseAnalytics;
		};
		5CFC85F02D76FA810061D547 /* FirebaseAuth */ = {
			isa = XCSwiftPackageProductDependency;
			package = 5CFC85ED2D76FA810061D547 /* XCRemoteSwiftPackageReference "firebase-ios-sdk" */;
			productName = FirebaseAuth;
		};
		5CFC85F22D76FA810061D547 /* FirebaseCore */ = {
			isa = XCSwiftPackageProductDependency;
			package = 5CFC85ED2D76FA810061D547 /* XCRemoteSwiftPackageReference "firebase-ios-sdk" */;
			productName = FirebaseCore;
		};
		5CFC85F42D76FA810061D547 /* FirebaseCrashlytics */ = {
			isa = XCSwiftPackageProductDependency;
			package = 5CFC85ED2D76FA810061D547 /* XCRemoteSwiftPackageReference "firebase-ios-sdk" */;
			productName = FirebaseCrashlytics;
		};
		5CFC85F62D76FA810061D547 /* FirebaseDatabase */ = {
			isa = XCSwiftPackageProductDependency;
			package = 5CFC85ED2D76FA810061D547 /* XCRemoteSwiftPackageReference "firebase-ios-sdk" */;
			productName = FirebaseDatabase;
		};
		5CFC85F82D76FA810061D547 /* FirebaseFirestore */ = {
			isa = XCSwiftPackageProductDependency;
			package = 5CFC85ED2D76FA810061D547 /* XCRemoteSwiftPackageReference "firebase-ios-sdk" */;
			productName = FirebaseFirestore;
		};
		5CFC85FA2D76FA810061D547 /* FirebaseFunctions */ = {
			isa = XCSwiftPackageProductDependency;
			package = 5CFC85ED2D76FA810061D547 /* XCRemoteSwiftPackageReference "firebase-ios-sdk" */;
			productName = FirebaseFunctions;
		};
		5CFC85FC2D76FA810061D547 /* FirebaseStorage */ = {
			isa = XCSwiftPackageProductDependency;
			package = 5CFC85ED2D76FA810061D547 /* XCRemoteSwiftPackageReference "firebase-ios-sdk" */;
			productName = FirebaseStorage;
		};
		5CFC85FF2D76FC0E0061D547 /* GoogleSignIn */ = {
			isa = XCSwiftPackageProductDependency;
			package = 5CFC85FE2D76FC0E0061D547 /* XCRemoteSwiftPackageReference "GoogleSignIn-iOS" */;
			productName = GoogleSignIn;
		};
		5CFC86012D76FC0E0061D547 /* GoogleSignInSwift */ = {
			isa = XCSwiftPackageProductDependency;
			package = 5CFC85FE2D76FC0E0061D547 /* XCRemoteSwiftPackageReference "GoogleSignIn-iOS" */;
			productName = GoogleSignInSwift;
		};
/* End XCSwiftPackageProductDependency section */
	};
	rootObject = 5CFC85A52D76EC370061D547 /* Project object */;
}
